
Microsoft Visual Studio Solution File, Format Version 12.00
# Visual Studio Version 16
VisualStudioVersion = 16.0.30114.105
MinimumVisualStudioVersion = 10.0.40219.1
Project("{FAE04EC0-301F-11D3-BF4B-00C04F79EFBC}") = "TodoApi", "TodoApi\TodoApi.csproj", "{6C131181-B015-482C-8F30-65129190C878}"
EndProject
Project("{FAE04EC0-301F-11D3-BF4B-00C04F79EFBC}") = "TodoApp", "TodoApp\TodoApp.csproj", "{5AB151DB-BC57-4BCF-86BA-1846B5181E78}"
EndProject
Global
	GlobalSection(SolutionConfigurationPlatforms) = preSolution
		Debug|Any CPU = Debug|Any CPU
		Release|Any CPU = Release|Any CPU
	EndGlobalSection
	GlobalSection(SolutionProperties) = preSolution
		HideSolutionNode = FALSE
	EndGlobalSection
	GlobalSection(ProjectConfigurationPlatforms) = postSolution
		{6C131181-B015-482C-8F30-65129190C878}.Debug|Any CPU.ActiveCfg = Debug|Any CPU
		{6C131181-B015-482C-8F30-65129190C878}.Debug|Any CPU.Build.0 = Debug|Any CPU
		{6C131181-B015-482C-8F30-65129190C878}.Release|Any CPU.ActiveCfg = Release|Any CPU
		{6C131181-B015-482C-8F30-65129190C878}.Release|Any CPU.Build.0 = Release|Any CPU
		{5AB151DB-BC57-4BCF-86BA-1846B5181E78}.Debug|Any CPU.ActiveCfg = Debug|Any CPU
		{5AB151DB-BC57-4BCF-86BA-1846B5181E78}.Debug|Any CPU.Build.0 = Debug|Any CPU
		{5AB151DB-BC57-4BCF-86BA-1846B5181E78}.Release|Any CPU.ActiveCfg = Release|Any CPU
		{5AB151DB-BC57-4BCF-86BA-1846B5181E78}.Release|Any CPU.Build.0 = Release|Any CPU
	EndGlobalSection
EndGlobal
