
Microsoft Visual Studio Solution File, Format Version 12.00
# Visual Studio Version 16
VisualStudioVersion = 16.0.30114.105
MinimumVisualStudioVersion = 10.0.40219.1
Project("{FAE04EC0-301F-11D3-BF4B-00C04F79EFBC}") = "TodoApi", "TodoApi\TodoApi.csproj", "{9FCA4FEF-B0E6-49D2-A792-16FA4D3F7891}"
EndProject
Project("{FAE04EC0-301F-11D3-BF4B-00C04F79EFBC}") = "TodoApp", "TodoApp\TodoApp.csproj", "{BC134D21-90E1-467E-8C39-BD654042C354}"
EndProject
Project("{FAE04EC0-301F-11D3-BF4B-00C04F79EFBC}") = "TodoIntegrationTests", "TodoIntegrationTests\TodoIntegrationTests.csproj", "{36B615FB-F080-454D-AA67-14756891FFD9}"
EndProject
Global
	GlobalSection(SolutionConfigurationPlatforms) = preSolution
		Debug|Any CPU = Debug|Any CPU
		Release|Any CPU = Release|Any CPU
	EndGlobalSection
	GlobalSection(SolutionProperties) = preSolution
		HideSolutionNode = FALSE
	EndGlobalSection
	GlobalSection(ProjectConfigurationPlatforms) = postSolution
		{9FCA4FEF-B0E6-49D2-A792-16FA4D3F7891}.Debug|Any CPU.ActiveCfg = Debug|Any CPU
		{9FCA4FEF-B0E6-49D2-A792-16FA4D3F7891}.Debug|Any CPU.Build.0 = Debug|Any CPU
		{9FCA4FEF-B0E6-49D2-A792-16FA4D3F7891}.Release|Any CPU.ActiveCfg = Release|Any CPU
		{9FCA4FEF-B0E6-49D2-A792-16FA4D3F7891}.Release|Any CPU.Build.0 = Release|Any CPU
		{BC134D21-90E1-467E-8C39-BD654042C354}.Debug|Any CPU.ActiveCfg = Debug|Any CPU
		{BC134D21-90E1-467E-8C39-BD654042C354}.Debug|Any CPU.Build.0 = Debug|Any CPU
		{BC134D21-90E1-467E-8C39-BD654042C354}.Release|Any CPU.ActiveCfg = Release|Any CPU
		{BC134D21-90E1-467E-8C39-BD654042C354}.Release|Any CPU.Build.0 = Release|Any CPU
		{36B615FB-F080-454D-AA67-14756891FFD9}.Debug|Any CPU.ActiveCfg = Debug|Any CPU
		{36B615FB-F080-454D-AA67-14756891FFD9}.Debug|Any CPU.Build.0 = Debug|Any CPU
		{36B615FB-F080-454D-AA67-14756891FFD9}.Release|Any CPU.ActiveCfg = Release|Any CPU
		{36B615FB-F080-454D-AA67-14756891FFD9}.Release|Any CPU.Build.0 = Release|Any CPU
	EndGlobalSection
EndGlobal
